
Microsoft Visual Studio Solution File, Format Version 12.00
# Visual Studio Version 17
VisualStudioVersion = 17.0.31912.275
MinimumVisualStudioVersion = 10.0.40219.1
Project("{FAE04EC0-301F-11D3-BF4B-00C04F79EFBC}") = "PeacticeTask10_1", "PeacticeTask10_1\PeacticeTask10_1.csproj", "{FFAE2283-C37B-449A-A0C3-DBC2CA1923C8}"
EndProject
Global
	GlobalSection(SolutionConfigurationPlatforms) = preSolution
		Debug|Any CPU = Debug|Any CPU
		Release|Any CPU = Release|Any CPU
	EndGlobalSection
	GlobalSection(ProjectConfigurationPlatforms) = postSolution
		{FFAE2283-C37B-449A-A0C3-DBC2CA1923C8}.Debug|Any CPU.ActiveCfg = Debug|Any CPU
		{FFAE2283-C37B-449A-A0C3-DBC2CA1923C8}.Debug|Any CPU.Build.0 = Debug|Any CPU
		{FFAE2283-C37B-449A-A0C3-DBC2CA1923C8}.Release|Any CPU.ActiveCfg = Release|Any CPU
		{FFAE2283-C37B-449A-A0C3-DBC2CA1923C8}.Release|Any CPU.Build.0 = Release|Any CPU
	EndGlobalSection
	GlobalSection(SolutionProperties) = preSolution
		HideSolutionNode = FALSE
	EndGlobalSection
	GlobalSection(ExtensibilityGlobals) = postSolution
		SolutionGuid = {0CCE5D47-698C-4BE1-A272-FEA2A22A83A6}
	EndGlobalSection
EndGlobal
